# THIS IS AN AUTOGENERATED FILE. DO NOT EDIT THIS FILE DIRECTLY.
# yarn lockfile v1


"vuexAutoGettersAndAutoMutations@git+https://gitee.com/nvhaila/vuexAutoGettersAndAutoMutations.git":
  version "1.0.0"
  resolved "git+https://gitee.com/nvhaila/vuexAutoGettersAndAutoMutations.git#a8c95c3d738c816c00811bacd3304cfe1896a918"
